
Microsoft Visual Studio Solution File, Format Version 12.00
Project("{FAE04EC0-301F-11D3-BF4B-00C04F79EFBC}") = "ShopApp", "ShopApp\ShopApp.csproj", "{C6708203-715A-4D46-AF94-1C1482CD1B8E}"
EndProject
Global
	GlobalSection(SolutionConfigurationPlatforms) = preSolution
		Debug|Any CPU = Debug|Any CPU
		Release|Any CPU = Release|Any CPU
	EndGlobalSection
	GlobalSection(ProjectConfigurationPlatforms) = postSolution
		{C6708203-715A-4D46-AF94-1C1482CD1B8E}.Debug|Any CPU.ActiveCfg = Debug|Any CPU
		{C6708203-715A-4D46-AF94-1C1482CD1B8E}.Debug|Any CPU.Build.0 = Debug|Any CPU
		{C6708203-715A-4D46-AF94-1C1482CD1B8E}.Release|Any CPU.ActiveCfg = Release|Any CPU
		{C6708203-715A-4D46-AF94-1C1482CD1B8E}.Release|Any CPU.Build.0 = Release|Any CPU
	EndGlobalSection
EndGlobal
